Microsoft Visual Studio Solution File, Format Version 12.00
# Visual Studio Version 17
VisualStudioVersion = 17.5.2.0
MinimumVisualStudioVersion = 10.0.40219.1
Project("{FAE04EC0-301F-11D3-BF4B-00C04F79EFBC}") = "Q1_CodeFirst_NET9", "Q1_CodeFirst_NET9\Q1_CodeFirst_NET9.csproj", "{00C4C315-9571-5ECE-F2E5-E1F0E64CC1B4}"
EndProject
Project("{FAE04EC0-301F-11D3-BF4B-00C04F79EFBC}") = "Q2_Q4_DbFirst_Scaffold_NET9", "Q2_Q4_DbFirst_Scaffold_NET9\Q2_Q4_DbFirst_Scaffold_NET9.csproj", "{AFD8EEB6-73CB-CBBF-D4B5-2EFE4157F5BE}"
EndProject
Project("{FAE04EC0-301F-11D3-BF4B-00C04F79EFBC}") = "Q3_ModelFirst_NET9", "Q3_ModelFirst_NET9\Q3_ModelFirst_NET9.csproj", "{69F4FE7F-CC27-2DD5-CE39-B2B531F0DE68}"
EndProject
Global
	GlobalSection(SolutionConfigurationPlatforms) = preSolution
		Debug|Any CPU = Debug|Any CPU
		Release|Any CPU = Release|Any CPU
	EndGlobalSection
	GlobalSection(ProjectConfigurationPlatforms) = postSolution
		{00C4C315-9571-5ECE-F2E5-E1F0E64CC1B4}.Debug|Any CPU.ActiveCfg = Debug|Any CPU
		{00C4C315-9571-5ECE-F2E5-E1F0E64CC1B4}.Debug|Any CPU.Build.0 = Debug|Any CPU
		{00C4C315-9571-5ECE-F2E5-E1F0E64CC1B4}.Release|Any CPU.ActiveCfg = Release|Any CPU
		{00C4C315-9571-5ECE-F2E5-E1F0E64CC1B4}.Release|Any CPU.Build.0 = Release|Any CPU
		{AFD8EEB6-73CB-CBBF-D4B5-2EFE4157F5BE}.Debug|Any CPU.ActiveCfg = Debug|Any CPU
		{AFD8EEB6-73CB-CBBF-D4B5-2EFE4157F5BE}.Debug|Any CPU.Build.0 = Debug|Any CPU
		{AFD8EEB6-73CB-CBBF-D4B5-2EFE4157F5BE}.Release|Any CPU.ActiveCfg = Release|Any CPU
		{AFD8EEB6-73CB-CBBF-D4B5-2EFE4157F5BE}.Release|Any CPU.Build.0 = Release|Any CPU
		{69F4FE7F-CC27-2DD5-CE39-B2B531F0DE68}.Debug|Any CPU.ActiveCfg = Debug|Any CPU
		{69F4FE7F-CC27-2DD5-CE39-B2B531F0DE68}.Debug|Any CPU.Build.0 = Debug|Any CPU
		{69F4FE7F-CC27-2DD5-CE39-B2B531F0DE68}.Release|Any CPU.ActiveCfg = Release|Any CPU
		{69F4FE7F-CC27-2DD5-CE39-B2B531F0DE68}.Release|Any CPU.Build.0 = Release|Any CPU
	EndGlobalSection
	GlobalSection(SolutionProperties) = preSolution
		HideSolutionNode = FALSE
	EndGlobalSection
	GlobalSection(ExtensibilityGlobals) = postSolution
		SolutionGuid = {3BE82234-0814-4B22-88AA-05F7372FB14D}
	EndGlobalSection
EndGlobal
